{
    "name": "dicom-phi-check",
    "lockfileVersion": 2,
    "requires": true,
    "packages": {
        "": {
            "dependencies": {
                "pyright": "*"
            }
        },
        "node_modules/pyright": {
            "version": "1.1.99",
            "resolved": "https://registry.npmjs.org/pyright/-/pyright-1.1.99.tgz",
            "integrity": "sha512-DAfK8uVLGF1nuBeFvEXhvApCecuHEpe8ncjnFW/WsBBIQ5JOsjjpwlUDvTutNjkoH9QCTqvg72g6ip9PdWFL/w==",
            "bin": {
                "pyright": "index.js",
                "pyright-langserver": "langserver.index.js"
            },
            "engines": {
                "node": ">=12.0.0"
            }
        }
    },
    "dependencies": {
        "pyright": {
            "version": "1.1.99",
            "resolved": "https://registry.npmjs.org/pyright/-/pyright-1.1.99.tgz",
            "integrity": "sha512-DAfK8uVLGF1nuBeFvEXhvApCecuHEpe8ncjnFW/WsBBIQ5JOsjjpwlUDvTutNjkoH9QCTqvg72g6ip9PdWFL/w=="
        }
    }
}
